
Microsoft Visual Studio Solution File, Format Version 12.00
# Visual Studio Version 17
VisualStudioVersion = 17.11.35208.52
MinimumVisualStudioVersion = 10.0.40219.1
Project("{FAE04EC0-301F-11D3-BF4B-00C04F79EFBC}") = "MovieApp", "MovieApp\MovieApp.csproj", "{7E64F2F2-B1F2-493C-B4D2-01E5374D5327}"
EndProject
Global
	GlobalSection(SolutionConfigurationPlatforms) = preSolution
		Debug|Any CPU = Debug|Any CPU
		Release|Any CPU = Release|Any CPU
	EndGlobalSection
	GlobalSection(ProjectConfigurationPlatforms) = postSolution
		{7E64F2F2-B1F2-493C-B4D2-01E5374D5327}.Debug|Any CPU.ActiveCfg = Debug|Any CPU
		{7E64F2F2-B1F2-493C-B4D2-01E5374D5327}.Debug|Any CPU.Build.0 = Debug|Any CPU
		{7E64F2F2-B1F2-493C-B4D2-01E5374D5327}.Release|Any CPU.ActiveCfg = Release|Any CPU
		{7E64F2F2-B1F2-493C-B4D2-01E5374D5327}.Release|Any CPU.Build.0 = Release|Any CPU
	EndGlobalSection
	GlobalSection(SolutionProperties) = preSolution
		HideSolutionNode = FALSE
	EndGlobalSection
	GlobalSection(ExtensibilityGlobals) = postSolution
		SolutionGuid = {2423ABF5-D17D-48F6-9887-AA824DCB364C}
	EndGlobalSection
EndGlobal
